
Microsoft Visual Studio Solution File, Format Version 12.00
# Visual Studio 15
VisualStudioVersion = 15.0.27130.2010
MinimumVisualStudioVersion = 10.0.40219.1
Project("{9A19103F-16F7-4668-BE54-9A1E7A4F7556}") = "ReactiveDomain.Messaging", "ReactiveDomain.Messaging\ReactiveDomain.Messaging.csproj", "{23C3CF52-732F-4351-9236-BF33AA54AFF9}"
EndProject
Project("{9A19103F-16F7-4668-BE54-9A1E7A4F7556}") = "ReactiveDomain.Buffers", "ReactiveDomain.Buffers\ReactiveDomain.Buffers.csproj", "{90354F14-E68E-41EB-BF97-F295C2EE138D}"
EndProject
Project("{9A19103F-16F7-4668-BE54-9A1E7A4F7556}") = "ReactiveDomain.Transport", "ReactiveDomain.Transport\ReactiveDomain.Transport.csproj", "{E058BE5A-F5BA-4481-8DFB-48B7E6139D1F}"
EndProject
Project("{9A19103F-16F7-4668-BE54-9A1E7A4F7556}") = "ReactiveDomain.Foundation", "ReactiveDomain.Foundation\ReactiveDomain.Foundation.csproj", "{55D248FF-030C-4675-9BE8-DF2E0FA061BA}"
EndProject
Project("{9A19103F-16F7-4668-BE54-9A1E7A4F7556}") = "ReactiveDomain.PrivateLedger", "ReactiveDomain.PrivateLedger\ReactiveDomain.PrivateLedger.csproj", "{A539D596-AB56-4741-B82C-F6E8C0A9B076}"
EndProject
Project("{9A19103F-16F7-4668-BE54-9A1E7A4F7556}") = "ReactiveDomain.Legacy", "ReactiveDomain.Legacy\ReactiveDomain.Legacy.csproj", "{84676DBD-3C8B-48AE-9BEF-F28999AB3895}"
EndProject
Project("{9A19103F-16F7-4668-BE54-9A1E7A4F7556}") = "ReactiveDomain.Messaging.Tests", "ReactiveDomain.Messaging.Tests\ReactiveDomain.Messaging.Tests.csproj", "{7C014004-93D1-4FAF-86CF-0607F756CC4E}"
EndProject
Project("{9A19103F-16F7-4668-BE54-9A1E7A4F7556}") = "ReactiveDomain.Buffers.Tests", "ReactiveDomain.Buffers.Tests\ReactiveDomain.Buffers.Tests.csproj", "{0CEFC348-5437-4E86-B76B-A1126769721E}"
EndProject
Project("{9A19103F-16F7-4668-BE54-9A1E7A4F7556}") = "ReactiveDomain.Transport.Tests", "ReactiveDomain.Transport.Tests\ReactiveDomain.Transport.Tests.csproj", "{4AA5F2AF-530A-445B-A4B7-303CA3F29079}"
EndProject
Project("{9A19103F-16F7-4668-BE54-9A1E7A4F7556}") = "ReactiveDomain.Main", "ReactiveDomain.Main\ReactiveDomain.Main.csproj", "{210BCB6E-C35E-41D2-AA25-26D183BC83F6}"
EndProject
Project("{9A19103F-16F7-4668-BE54-9A1E7A4F7556}") = "ReactiveDomain.PrivateLedger.Tests", "ReactiveDomain.PrivateLedger.Tests\ReactiveDomain.PrivateLedger.Tests.csproj", "{4E191C96-33AC-437F-8E2B-5B5213398D21}"
EndProject
Project("{9A19103F-16F7-4668-BE54-9A1E7A4F7556}") = "ReactiveDomain.Domain", "ReactiveDomain.Domain\ReactiveDomain.Domain.csproj", "{A80FC944-782D-4F4D-AF89-7F93565A4214}"
EndProject
Project("{9A19103F-16F7-4668-BE54-9A1E7A4F7556}") = "ReactiveDomain.Domain.Tests", "ReactiveDomain.Domain.Tests\ReactiveDomain.Domain.Tests.csproj", "{CCB24833-F345-483C-9193-D97AF7A107C5}"
EndProject
Project("{9A19103F-16F7-4668-BE54-9A1E7A4F7556}") = "ReactiveDomain.Foundation.Tests", "ReactiveDomain.Foundation.Tests\ReactiveDomain.Foundation.Tests.csproj", "{2AB284E4-84B1-42B3-B28D-381AAC5BA92A}"
EndProject
Global
	GlobalSection(SolutionConfigurationPlatforms) = preSolution
		Debug|Any CPU = Debug|Any CPU
		Debug|x64 = Debug|x64
		Release|Any CPU = Release|Any CPU
		Release|x64 = Release|x64
	EndGlobalSection
	GlobalSection(ProjectConfigurationPlatforms) = postSolution
		{23C3CF52-732F-4351-9236-BF33AA54AFF9}.Debug|Any CPU.ActiveCfg = Debug|x64
		{23C3CF52-732F-4351-9236-BF33AA54AFF9}.Debug|x64.ActiveCfg = Debug|x64
		{23C3CF52-732F-4351-9236-BF33AA54AFF9}.Debug|x64.Build.0 = Debug|x64
		{23C3CF52-732F-4351-9236-BF33AA54AFF9}.Release|Any CPU.ActiveCfg = Release|x64
		{23C3CF52-732F-4351-9236-BF33AA54AFF9}.Release|x64.ActiveCfg = Release|x64
		{23C3CF52-732F-4351-9236-BF33AA54AFF9}.Release|x64.Build.0 = Release|x64
		{90354F14-E68E-41EB-BF97-F295C2EE138D}.Debug|Any CPU.ActiveCfg = Debug|x64
		{90354F14-E68E-41EB-BF97-F295C2EE138D}.Debug|x64.ActiveCfg = Debug|x64
		{90354F14-E68E-41EB-BF97-F295C2EE138D}.Debug|x64.Build.0 = Debug|x64
		{90354F14-E68E-41EB-BF97-F295C2EE138D}.Release|Any CPU.ActiveCfg = Release|x64
		{90354F14-E68E-41EB-BF97-F295C2EE138D}.Release|x64.ActiveCfg = Release|x64
		{90354F14-E68E-41EB-BF97-F295C2EE138D}.Release|x64.Build.0 = Release|x64
		{E058BE5A-F5BA-4481-8DFB-48B7E6139D1F}.Debug|Any CPU.ActiveCfg = Debug|x64
		{E058BE5A-F5BA-4481-8DFB-48B7E6139D1F}.Debug|x64.ActiveCfg = Debug|x64
		{E058BE5A-F5BA-4481-8DFB-48B7E6139D1F}.Debug|x64.Build.0 = Debug|x64
		{E058BE5A-F5BA-4481-8DFB-48B7E6139D1F}.Release|Any CPU.ActiveCfg = Release|x64
		{E058BE5A-F5BA-4481-8DFB-48B7E6139D1F}.Release|x64.ActiveCfg = Release|x64
		{E058BE5A-F5BA-4481-8DFB-48B7E6139D1F}.Release|x64.Build.0 = Release|x64
		{55D248FF-030C-4675-9BE8-DF2E0FA061BA}.Debug|Any CPU.ActiveCfg = Debug|x64
		{55D248FF-030C-4675-9BE8-DF2E0FA061BA}.Debug|x64.ActiveCfg = Debug|x64
		{55D248FF-030C-4675-9BE8-DF2E0FA061BA}.Debug|x64.Build.0 = Debug|x64
		{55D248FF-030C-4675-9BE8-DF2E0FA061BA}.Release|Any CPU.ActiveCfg = Release|x64
		{55D248FF-030C-4675-9BE8-DF2E0FA061BA}.Release|x64.ActiveCfg = Release|x64
		{55D248FF-030C-4675-9BE8-DF2E0FA061BA}.Release|x64.Build.0 = Release|x64
		{A539D596-AB56-4741-B82C-F6E8C0A9B076}.Debug|Any CPU.ActiveCfg = Debug|x64
		{A539D596-AB56-4741-B82C-F6E8C0A9B076}.Debug|x64.ActiveCfg = Debug|x64
		{A539D596-AB56-4741-B82C-F6E8C0A9B076}.Debug|x64.Build.0 = Debug|x64
		{A539D596-AB56-4741-B82C-F6E8C0A9B076}.Release|Any CPU.ActiveCfg = Release|x64
		{A539D596-AB56-4741-B82C-F6E8C0A9B076}.Release|x64.ActiveCfg = Release|x64
		{A539D596-AB56-4741-B82C-F6E8C0A9B076}.Release|x64.Build.0 = Release|x64
		{84676DBD-3C8B-48AE-9BEF-F28999AB3895}.Debug|Any CPU.ActiveCfg = Debug|x64
		{84676DBD-3C8B-48AE-9BEF-F28999AB3895}.Debug|x64.ActiveCfg = Debug|x64
		{84676DBD-3C8B-48AE-9BEF-F28999AB3895}.Debug|x64.Build.0 = Debug|x64
		{84676DBD-3C8B-48AE-9BEF-F28999AB3895}.Release|Any CPU.ActiveCfg = Release|x64
		{84676DBD-3C8B-48AE-9BEF-F28999AB3895}.Release|x64.ActiveCfg = Release|x64
		{84676DBD-3C8B-48AE-9BEF-F28999AB3895}.Release|x64.Build.0 = Release|x64
		{7C014004-93D1-4FAF-86CF-0607F756CC4E}.Debug|Any CPU.ActiveCfg = Debug|x64
		{7C014004-93D1-4FAF-86CF-0607F756CC4E}.Debug|x64.ActiveCfg = Debug|x64
		{7C014004-93D1-4FAF-86CF-0607F756CC4E}.Debug|x64.Build.0 = Debug|x64
		{7C014004-93D1-4FAF-86CF-0607F756CC4E}.Release|Any CPU.ActiveCfg = Release|x64
		{7C014004-93D1-4FAF-86CF-0607F756CC4E}.Release|x64.ActiveCfg = Release|x64
		{7C014004-93D1-4FAF-86CF-0607F756CC4E}.Release|x64.Build.0 = Release|x64
		{0CEFC348-5437-4E86-B76B-A1126769721E}.Debug|Any CPU.ActiveCfg = Debug|x64
		{0CEFC348-5437-4E86-B76B-A1126769721E}.Debug|x64.ActiveCfg = Debug|x64
		{0CEFC348-5437-4E86-B76B-A1126769721E}.Debug|x64.Build.0 = Debug|x64
		{0CEFC348-5437-4E86-B76B-A1126769721E}.Release|Any CPU.ActiveCfg = Release|x64
		{0CEFC348-5437-4E86-B76B-A1126769721E}.Release|x64.ActiveCfg = Release|x64
		{0CEFC348-5437-4E86-B76B-A1126769721E}.Release|x64.Build.0 = Release|x64
		{4AA5F2AF-530A-445B-A4B7-303CA3F29079}.Debug|Any CPU.ActiveCfg = Debug|x64
		{4AA5F2AF-530A-445B-A4B7-303CA3F29079}.Debug|x64.ActiveCfg = Debug|x64
		{4AA5F2AF-530A-445B-A4B7-303CA3F29079}.Debug|x64.Build.0 = Debug|x64
		{4AA5F2AF-530A-445B-A4B7-303CA3F29079}.Release|Any CPU.ActiveCfg = Release|x64
		{4AA5F2AF-530A-445B-A4B7-303CA3F29079}.Release|x64.ActiveCfg = Release|x64
		{4AA5F2AF-530A-445B-A4B7-303CA3F29079}.Release|x64.Build.0 = Release|x64
		{210BCB6E-C35E-41D2-AA25-26D183BC83F6}.Debug|Any CPU.ActiveCfg = Debug|x64
		{210BCB6E-C35E-41D2-AA25-26D183BC83F6}.Debug|x64.ActiveCfg = Debug|x64
		{210BCB6E-C35E-41D2-AA25-26D183BC83F6}.Debug|x64.Build.0 = Debug|x64
		{210BCB6E-C35E-41D2-AA25-26D183BC83F6}.Release|Any CPU.ActiveCfg = Release|x64
		{210BCB6E-C35E-41D2-AA25-26D183BC83F6}.Release|x64.ActiveCfg = Release|x64
		{210BCB6E-C35E-41D2-AA25-26D183BC83F6}.Release|x64.Build.0 = Release|x64
		{4E191C96-33AC-437F-8E2B-5B5213398D21}.Debug|Any CPU.ActiveCfg = Debug|x64
		{4E191C96-33AC-437F-8E2B-5B5213398D21}.Debug|x64.ActiveCfg = Debug|x64
		{4E191C96-33AC-437F-8E2B-5B5213398D21}.Debug|x64.Build.0 = Debug|x64
		{4E191C96-33AC-437F-8E2B-5B5213398D21}.Release|Any CPU.ActiveCfg = Release|x64
		{4E191C96-33AC-437F-8E2B-5B5213398D21}.Release|x64.ActiveCfg = Release|x64
		{4E191C96-33AC-437F-8E2B-5B5213398D21}.Release|x64.Build.0 = Release|x64
		{A80FC944-782D-4F4D-AF89-7F93565A4214}.Debug|Any CPU.ActiveCfg = Debug|x64
		{A80FC944-782D-4F4D-AF89-7F93565A4214}.Debug|x64.ActiveCfg = Debug|x64
		{A80FC944-782D-4F4D-AF89-7F93565A4214}.Debug|x64.Build.0 = Debug|x64
		{A80FC944-782D-4F4D-AF89-7F93565A4214}.Release|Any CPU.ActiveCfg = Release|x64
		{A80FC944-782D-4F4D-AF89-7F93565A4214}.Release|x64.ActiveCfg = Release|x64
		{A80FC944-782D-4F4D-AF89-7F93565A4214}.Release|x64.Build.0 = Release|x64
		{CCB24833-F345-483C-9193-D97AF7A107C5}.Debug|Any CPU.ActiveCfg = Debug|x64
		{CCB24833-F345-483C-9193-D97AF7A107C5}.Debug|x64.ActiveCfg = Debug|x64
		{CCB24833-F345-483C-9193-D97AF7A107C5}.Debug|x64.Build.0 = Debug|x64
		{CCB24833-F345-483C-9193-D97AF7A107C5}.Release|Any CPU.ActiveCfg = Release|x64
		{CCB24833-F345-483C-9193-D97AF7A107C5}.Release|x64.ActiveCfg = Release|x64
		{CCB24833-F345-483C-9193-D97AF7A107C5}.Release|x64.Build.0 = Release|x64
		{2AB284E4-84B1-42B3-B28D-381AAC5BA92A}.Debug|Any CPU.ActiveCfg = Debug|x64
		{2AB284E4-84B1-42B3-B28D-381AAC5BA92A}.Debug|x64.ActiveCfg = Debug|x64
		{2AB284E4-84B1-42B3-B28D-381AAC5BA92A}.Debug|x64.Build.0 = Debug|x64
		{2AB284E4-84B1-42B3-B28D-381AAC5BA92A}.Release|Any CPU.ActiveCfg = Release|x64
		{2AB284E4-84B1-42B3-B28D-381AAC5BA92A}.Release|x64.ActiveCfg = Release|x64
		{2AB284E4-84B1-42B3-B28D-381AAC5BA92A}.Release|x64.Build.0 = Release|x64
	EndGlobalSection
	GlobalSection(SolutionProperties) = preSolution
		HideSolutionNode = FALSE
	EndGlobalSection
	GlobalSection(ExtensibilityGlobals) = postSolution
		SolutionGuid = {A26933AD-7714-40D1-99F2-0523BBF3182F}
	EndGlobalSection
EndGlobal
